
Microsoft Visual Studio Solution File, Format Version 12.00
# Visual Studio Version 17
VisualStudioVersion = 17.0.31903.59
MinimumVisualStudioVersion = 10.0.40219.1
Project("{2150E333-8FDC-42A3-9474-1A3956D46DE8}") = "src", "src", "{827E0CD3-B72D-47B6-A68D-7590B98EB39B}"
EndProject
Project("{2150E333-8FDC-42A3-9474-1A3956D46DE8}") = "shared", "shared", "{C8E42992-5E42-0C2B-DBFE-AA848D06431C}"
EndProject
Project("{FAE04EC0-301F-11D3-BF4B-00C04F79EFBC}") = "HomeServices.Shared", "src\shared\HomeServices.Shared\HomeServices.Shared.csproj", "{9BB8C72E-533B-4F10-854C-6E6DA0085453}"
EndProject
Project("{2150E333-8FDC-42A3-9474-1A3956D46DE8}") = "identity-service", "identity-service", "{D92F5DE5-1636-8041-3EF6-1997FE563964}"
EndProject
Project("{FAE04EC0-301F-11D3-BF4B-00C04F79EFBC}") = "HomeServices.Identity.Domain", "src\identity-service\HomeServices.Identity.Domain\HomeServices.Identity.Domain.csproj", "{7A36B567-146A-4747-9D53-3734661DADF9}"
EndProject
Project("{FAE04EC0-301F-11D3-BF4B-00C04F79EFBC}") = "HomeServices.Identity.Application", "src\identity-service\HomeServices.Identity.Application\HomeServices.Identity.Application.csproj", "{8AB31870-AD3F-4A92-AEFF-2E7AADB7A47F}"
EndProject
Project("{FAE04EC0-301F-11D3-BF4B-00C04F79EFBC}") = "HomeServices.Identity.Infrastructure", "src\identity-service\HomeServices.Identity.Infrastructure\HomeServices.Identity.Infrastructure.csproj", "{9DCE6E14-F26C-43AD-898A-0F87F25A573B}"
EndProject
Project("{FAE04EC0-301F-11D3-BF4B-00C04F79EFBC}") = "HomeServices.Identity.Api", "src\identity-service\HomeServices.Identity.Api\HomeServices.Identity.Api.csproj", "{B405A3BC-1BE1-4225-ABDF-74C51051BE2D}"
EndProject
Project("{FAE04EC0-301F-11D3-BF4B-00C04F79EFBC}") = "HomeServices.Domain", "src\web\HomeServices.Domain\HomeServices.Domain.csproj", "{D80A7302-3F0F-4FF1-B1D8-DAD266C95717}"
EndProject
Project("{FAE04EC0-301F-11D3-BF4B-00C04F79EFBC}") = "HomeServices.Application", "src\web\HomeServices.Application\HomeServices.Application.csproj", "{00FFAB3A-E306-4626-8E57-D9DB3B0C2A39}"
EndProject
Project("{FAE04EC0-301F-11D3-BF4B-00C04F79EFBC}") = "HomeServices.Infrastructure", "src\web\HomeServices.Infrastructure\HomeServices.Infrastructure.csproj", "{92262804-7FE9-48C0-B54A-4F896238327B}"
EndProject
Project("{FAE04EC0-301F-11D3-BF4B-00C04F79EFBC}") = "HomeServices.Mvc", "src\web\HomeServices.Mvc\HomeServices.Mvc.csproj", "{F755DA49-945B-4704-AD7C-5F92B56CE91D}"
EndProject
Project("{2150E333-8FDC-42A3-9474-1A3956D46DE8}") = "web", "web", "{03997797-E7F5-0643-168D-B8EA7178C2FE}"
EndProject
Project("{FAE04EC0-301F-11D3-BF4B-00C04F79EFBC}") = "HomeServices.UnitTests", "tests\HomeServices.UnitTests\HomeServices.UnitTests.csproj", "{CC9A5DDA-F799-45C5-8AF7-ABD799A08C04}"
EndProject
Global
	GlobalSection(SolutionConfigurationPlatforms) = preSolution
		Debug|Any CPU = Debug|Any CPU
		Debug|x64 = Debug|x64
		Debug|x86 = Debug|x86
		Release|Any CPU = Release|Any CPU
		Release|x64 = Release|x64
		Release|x86 = Release|x86
	EndGlobalSection
	GlobalSection(ProjectConfigurationPlatforms) = postSolution
		{9BB8C72E-533B-4F10-854C-6E6DA0085453}.Debug|Any CPU.ActiveCfg = Debug|Any CPU
		{9BB8C72E-533B-4F10-854C-6E6DA0085453}.Debug|Any CPU.Build.0 = Debug|Any CPU
		{9BB8C72E-533B-4F10-854C-6E6DA0085453}.Debug|x64.ActiveCfg = Debug|Any CPU
		{9BB8C72E-533B-4F10-854C-6E6DA0085453}.Debug|x64.Build.0 = Debug|Any CPU
		{9BB8C72E-533B-4F10-854C-6E6DA0085453}.Debug|x86.ActiveCfg = Debug|Any CPU
		{9BB8C72E-533B-4F10-854C-6E6DA0085453}.Debug|x86.Build.0 = Debug|Any CPU
		{9BB8C72E-533B-4F10-854C-6E6DA0085453}.Release|Any CPU.ActiveCfg = Release|Any CPU
		{9BB8C72E-533B-4F10-854C-6E6DA0085453}.Release|Any CPU.Build.0 = Release|Any CPU
		{9BB8C72E-533B-4F10-854C-6E6DA0085453}.Release|x64.ActiveCfg = Release|Any CPU
		{9BB8C72E-533B-4F10-854C-6E6DA0085453}.Release|x64.Build.0 = Release|Any CPU
		{9BB8C72E-533B-4F10-854C-6E6DA0085453}.Release|x86.ActiveCfg = Release|Any CPU
		{9BB8C72E-533B-4F10-854C-6E6DA0085453}.Release|x86.Build.0 = Release|Any CPU
		{7A36B567-146A-4747-9D53-3734661DADF9}.Debug|Any CPU.ActiveCfg = Debug|Any CPU
		{7A36B567-146A-4747-9D53-3734661DADF9}.Debug|Any CPU.Build.0 = Debug|Any CPU
		{7A36B567-146A-4747-9D53-3734661DADF9}.Debug|x64.ActiveCfg = Debug|Any CPU
		{7A36B567-146A-4747-9D53-3734661DADF9}.Debug|x64.Build.0 = Debug|Any CPU
		{7A36B567-146A-4747-9D53-3734661DADF9}.Debug|x86.ActiveCfg = Debug|Any CPU
		{7A36B567-146A-4747-9D53-3734661DADF9}.Debug|x86.Build.0 = Debug|Any CPU
		{7A36B567-146A-4747-9D53-3734661DADF9}.Release|Any CPU.ActiveCfg = Release|Any CPU
		{7A36B567-146A-4747-9D53-3734661DADF9}.Release|Any CPU.Build.0 = Release|Any CPU
		{7A36B567-146A-4747-9D53-3734661DADF9}.Release|x64.ActiveCfg = Release|Any CPU
		{7A36B567-146A-4747-9D53-3734661DADF9}.Release|x64.Build.0 = Release|Any CPU
		{7A36B567-146A-4747-9D53-3734661DADF9}.Release|x86.ActiveCfg = Release|Any CPU
		{7A36B567-146A-4747-9D53-3734661DADF9}.Release|x86.Build.0 = Release|Any CPU
		{8AB31870-AD3F-4A92-AEFF-2E7AADB7A47F}.Debug|Any CPU.ActiveCfg = Debug|Any CPU
		{8AB31870-AD3F-4A92-AEFF-2E7AADB7A47F}.Debug|Any CPU.Build.0 = Debug|Any CPU
		{8AB31870-AD3F-4A92-AEFF-2E7AADB7A47F}.Debug|x64.ActiveCfg = Debug|Any CPU
		{8AB31870-AD3F-4A92-AEFF-2E7AADB7A47F}.Debug|x64.Build.0 = Debug|Any CPU
		{8AB31870-AD3F-4A92-AEFF-2E7AADB7A47F}.Debug|x86.ActiveCfg = Debug|Any CPU
		{8AB31870-AD3F-4A92-AEFF-2E7AADB7A47F}.Debug|x86.Build.0 = Debug|Any CPU
		{8AB31870-AD3F-4A92-AEFF-2E7AADB7A47F}.Release|Any CPU.ActiveCfg = Release|Any CPU
		{8AB31870-AD3F-4A92-AEFF-2E7AADB7A47F}.Release|Any CPU.Build.0 = Release|Any CPU
		{8AB31870-AD3F-4A92-AEFF-2E7AADB7A47F}.Release|x64.ActiveCfg = Release|Any CPU
		{8AB31870-AD3F-4A92-AEFF-2E7AADB7A47F}.Release|x64.Build.0 = Release|Any CPU
		{8AB31870-AD3F-4A92-AEFF-2E7AADB7A47F}.Release|x86.ActiveCfg = Release|Any CPU
		{8AB31870-AD3F-4A92-AEFF-2E7AADB7A47F}.Release|x86.Build.0 = Release|Any CPU
		{9DCE6E14-F26C-43AD-898A-0F87F25A573B}.Debug|Any CPU.ActiveCfg = Debug|Any CPU
		{9DCE6E14-F26C-43AD-898A-0F87F25A573B}.Debug|Any CPU.Build.0 = Debug|Any CPU
		{9DCE6E14-F26C-43AD-898A-0F87F25A573B}.Debug|x64.ActiveCfg = Debug|Any CPU
		{9DCE6E14-F26C-43AD-898A-0F87F25A573B}.Debug|x64.Build.0 = Debug|Any CPU
		{9DCE6E14-F26C-43AD-898A-0F87F25A573B}.Debug|x86.ActiveCfg = Debug|Any CPU
		{9DCE6E14-F26C-43AD-898A-0F87F25A573B}.Debug|x86.Build.0 = Debug|Any CPU
		{9DCE6E14-F26C-43AD-898A-0F87F25A573B}.Release|Any CPU.ActiveCfg = Release|Any CPU
		{9DCE6E14-F26C-43AD-898A-0F87F25A573B}.Release|Any CPU.Build.0 = Release|Any CPU
		{9DCE6E14-F26C-43AD-898A-0F87F25A573B}.Release|x64.ActiveCfg = Release|Any CPU
		{9DCE6E14-F26C-43AD-898A-0F87F25A573B}.Release|x64.Build.0 = Release|Any CPU
		{9DCE6E14-F26C-43AD-898A-0F87F25A573B}.Release|x86.ActiveCfg = Release|Any CPU
		{9DCE6E14-F26C-43AD-898A-0F87F25A573B}.Release|x86.Build.0 = Release|Any CPU
		{B405A3BC-1BE1-4225-ABDF-74C51051BE2D}.Debug|Any CPU.ActiveCfg = Debug|Any CPU
		{B405A3BC-1BE1-4225-ABDF-74C51051BE2D}.Debug|Any CPU.Build.0 = Debug|Any CPU
		{B405A3BC-1BE1-4225-ABDF-74C51051BE2D}.Debug|x64.ActiveCfg = Debug|Any CPU
		{B405A3BC-1BE1-4225-ABDF-74C51051BE2D}.Debug|x64.Build.0 = Debug|Any CPU
		{B405A3BC-1BE1-4225-ABDF-74C51051BE2D}.Debug|x86.ActiveCfg = Debug|Any CPU
		{B405A3BC-1BE1-4225-ABDF-74C51051BE2D}.Debug|x86.Build.0 = Debug|Any CPU
		{B405A3BC-1BE1-4225-ABDF-74C51051BE2D}.Release|Any CPU.ActiveCfg = Release|Any CPU
		{B405A3BC-1BE1-4225-ABDF-74C51051BE2D}.Release|Any CPU.Build.0 = Release|Any CPU
		{B405A3BC-1BE1-4225-ABDF-74C51051BE2D}.Release|x64.ActiveCfg = Release|Any CPU
		{B405A3BC-1BE1-4225-ABDF-74C51051BE2D}.Release|x64.Build.0 = Release|Any CPU
		{B405A3BC-1BE1-4225-ABDF-74C51051BE2D}.Release|x86.ActiveCfg = Release|Any CPU
		{B405A3BC-1BE1-4225-ABDF-74C51051BE2D}.Release|x86.Build.0 = Release|Any CPU
		{D80A7302-3F0F-4FF1-B1D8-DAD266C95717}.Debug|Any CPU.ActiveCfg = Debug|Any CPU
		{D80A7302-3F0F-4FF1-B1D8-DAD266C95717}.Debug|Any CPU.Build.0 = Debug|Any CPU
		{D80A7302-3F0F-4FF1-B1D8-DAD266C95717}.Debug|x64.ActiveCfg = Debug|Any CPU
		{D80A7302-3F0F-4FF1-B1D8-DAD266C95717}.Debug|x64.Build.0 = Debug|Any CPU
		{D80A7302-3F0F-4FF1-B1D8-DAD266C95717}.Debug|x86.ActiveCfg = Debug|Any CPU
		{D80A7302-3F0F-4FF1-B1D8-DAD266C95717}.Debug|x86.Build.0 = Debug|Any CPU
		{D80A7302-3F0F-4FF1-B1D8-DAD266C95717}.Release|Any CPU.ActiveCfg = Release|Any CPU
		{D80A7302-3F0F-4FF1-B1D8-DAD266C95717}.Release|Any CPU.Build.0 = Release|Any CPU
		{D80A7302-3F0F-4FF1-B1D8-DAD266C95717}.Release|x64.ActiveCfg = Release|Any CPU
		{D80A7302-3F0F-4FF1-B1D8-DAD266C95717}.Release|x64.Build.0 = Release|Any CPU
		{D80A7302-3F0F-4FF1-B1D8-DAD266C95717}.Release|x86.ActiveCfg = Release|Any CPU
		{D80A7302-3F0F-4FF1-B1D8-DAD266C95717}.Release|x86.Build.0 = Release|Any CPU
		{00FFAB3A-E306-4626-8E57-D9DB3B0C2A39}.Debug|Any CPU.ActiveCfg = Debug|Any CPU
		{00FFAB3A-E306-4626-8E57-D9DB3B0C2A39}.Debug|Any CPU.Build.0 = Debug|Any CPU
		{00FFAB3A-E306-4626-8E57-D9DB3B0C2A39}.Debug|x64.ActiveCfg = Debug|Any CPU
		{00FFAB3A-E306-4626-8E57-D9DB3B0C2A39}.Debug|x64.Build.0 = Debug|Any CPU
		{00FFAB3A-E306-4626-8E57-D9DB3B0C2A39}.Debug|x86.ActiveCfg = Debug|Any CPU
		{00FFAB3A-E306-4626-8E57-D9DB3B0C2A39}.Debug|x86.Build.0 = Debug|Any CPU
		{00FFAB3A-E306-4626-8E57-D9DB3B0C2A39}.Release|Any CPU.ActiveCfg = Release|Any CPU
		{00FFAB3A-E306-4626-8E57-D9DB3B0C2A39}.Release|Any CPU.Build.0 = Release|Any CPU
		{00FFAB3A-E306-4626-8E57-D9DB3B0C2A39}.Release|x64.ActiveCfg = Release|Any CPU
		{00FFAB3A-E306-4626-8E57-D9DB3B0C2A39}.Release|x64.Build.0 = Release|Any CPU
		{00FFAB3A-E306-4626-8E57-D9DB3B0C2A39}.Release|x86.ActiveCfg = Release|Any CPU
		{00FFAB3A-E306-4626-8E57-D9DB3B0C2A39}.Release|x86.Build.0 = Release|Any CPU
		{92262804-7FE9-48C0-B54A-4F896238327B}.Debug|Any CPU.ActiveCfg = Debug|Any CPU
		{92262804-7FE9-48C0-B54A-4F896238327B}.Debug|Any CPU.Build.0 = Debug|Any CPU
		{92262804-7FE9-48C0-B54A-4F896238327B}.Debug|x64.ActiveCfg = Debug|Any CPU
		{92262804-7FE9-48C0-B54A-4F896238327B}.Debug|x64.Build.0 = Debug|Any CPU
		{92262804-7FE9-48C0-B54A-4F896238327B}.Debug|x86.ActiveCfg = Debug|Any CPU
		{92262804-7FE9-48C0-B54A-4F896238327B}.Debug|x86.Build.0 = Debug|Any CPU
		{92262804-7FE9-48C0-B54A-4F896238327B}.Release|Any CPU.ActiveCfg = Release|Any CPU
		{92262804-7FE9-48C0-B54A-4F896238327B}.Release|Any CPU.Build.0 = Release|Any CPU
		{92262804-7FE9-48C0-B54A-4F896238327B}.Release|x64.ActiveCfg = Release|Any CPU
		{92262804-7FE9-48C0-B54A-4F896238327B}.Release|x64.Build.0 = Release|Any CPU
		{92262804-7FE9-48C0-B54A-4F896238327B}.Release|x86.ActiveCfg = Release|Any CPU
		{92262804-7FE9-48C0-B54A-4F896238327B}.Release|x86.Build.0 = Release|Any CPU
		{F755DA49-945B-4704-AD7C-5F92B56CE91D}.Debug|Any CPU.ActiveCfg = Debug|Any CPU
		{F755DA49-945B-4704-AD7C-5F92B56CE91D}.Debug|Any CPU.Build.0 = Debug|Any CPU
		{F755DA49-945B-4704-AD7C-5F92B56CE91D}.Debug|x64.ActiveCfg = Debug|Any CPU
		{F755DA49-945B-4704-AD7C-5F92B56CE91D}.Debug|x64.Build.0 = Debug|Any CPU
		{F755DA49-945B-4704-AD7C-5F92B56CE91D}.Debug|x86.ActiveCfg = Debug|Any CPU
		{F755DA49-945B-4704-AD7C-5F92B56CE91D}.Debug|x86.Build.0 = Debug|Any CPU
		{F755DA49-945B-4704-AD7C-5F92B56CE91D}.Release|Any CPU.ActiveCfg = Release|Any CPU
		{F755DA49-945B-4704-AD7C-5F92B56CE91D}.Release|Any CPU.Build.0 = Release|Any CPU
		{F755DA49-945B-4704-AD7C-5F92B56CE91D}.Release|x64.ActiveCfg = Release|Any CPU
		{F755DA49-945B-4704-AD7C-5F92B56CE91D}.Release|x64.Build.0 = Release|Any CPU
		{F755DA49-945B-4704-AD7C-5F92B56CE91D}.Release|x86.ActiveCfg = Release|Any CPU
		{F755DA49-945B-4704-AD7C-5F92B56CE91D}.Release|x86.Build.0 = Release|Any CPU
		{CC9A5DDA-F799-45C5-8AF7-ABD799A08C04}.Debug|Any CPU.ActiveCfg = Debug|Any CPU
		{CC9A5DDA-F799-45C5-8AF7-ABD799A08C04}.Debug|Any CPU.Build.0 = Debug|Any CPU
		{CC9A5DDA-F799-45C5-8AF7-ABD799A08C04}.Debug|x64.ActiveCfg = Debug|Any CPU
		{CC9A5DDA-F799-45C5-8AF7-ABD799A08C04}.Debug|x64.Build.0 = Debug|Any CPU
		{CC9A5DDA-F799-45C5-8AF7-ABD799A08C04}.Debug|x86.ActiveCfg = Debug|Any CPU
		{CC9A5DDA-F799-45C5-8AF7-ABD799A08C04}.Debug|x86.Build.0 = Debug|Any CPU
		{CC9A5DDA-F799-45C5-8AF7-ABD799A08C04}.Release|Any CPU.ActiveCfg = Release|Any CPU
		{CC9A5DDA-F799-45C5-8AF7-ABD799A08C04}.Release|Any CPU.Build.0 = Release|Any CPU
		{CC9A5DDA-F799-45C5-8AF7-ABD799A08C04}.Release|x64.ActiveCfg = Release|Any CPU
		{CC9A5DDA-F799-45C5-8AF7-ABD799A08C04}.Release|x64.Build.0 = Release|Any CPU
		{CC9A5DDA-F799-45C5-8AF7-ABD799A08C04}.Release|x86.ActiveCfg = Release|Any CPU
		{CC9A5DDA-F799-45C5-8AF7-ABD799A08C04}.Release|x86.Build.0 = Release|Any CPU
	EndGlobalSection
	GlobalSection(SolutionProperties) = preSolution
		HideSolutionNode = FALSE
	EndGlobalSection
	GlobalSection(NestedProjects) = preSolution
		{C8E42992-5E42-0C2B-DBFE-AA848D06431C} = {827E0CD3-B72D-47B6-A68D-7590B98EB39B}
		{9BB8C72E-533B-4F10-854C-6E6DA0085453} = {C8E42992-5E42-0C2B-DBFE-AA848D06431C}
		{D92F5DE5-1636-8041-3EF6-1997FE563964} = {827E0CD3-B72D-47B6-A68D-7590B98EB39B}
		{7A36B567-146A-4747-9D53-3734661DADF9} = {D92F5DE5-1636-8041-3EF6-1997FE563964}
		{8AB31870-AD3F-4A92-AEFF-2E7AADB7A47F} = {D92F5DE5-1636-8041-3EF6-1997FE563964}
		{9DCE6E14-F26C-43AD-898A-0F87F25A573B} = {D92F5DE5-1636-8041-3EF6-1997FE563964}
		{B405A3BC-1BE1-4225-ABDF-74C51051BE2D} = {D92F5DE5-1636-8041-3EF6-1997FE563964}
		{D80A7302-3F0F-4FF1-B1D8-DAD266C95717} = {D92F5DE5-1636-8041-3EF6-1997FE563964}
		{00FFAB3A-E306-4626-8E57-D9DB3B0C2A39} = {D92F5DE5-1636-8041-3EF6-1997FE563964}
		{92262804-7FE9-48C0-B54A-4F896238327B} = {D92F5DE5-1636-8041-3EF6-1997FE563964}
		{F755DA49-945B-4704-AD7C-5F92B56CE91D} = {D92F5DE5-1636-8041-3EF6-1997FE563964}
		{03997797-E7F5-0643-168D-B8EA7178C2FE} = {827E0CD3-B72D-47B6-A68D-7590B98EB39B}
		{CC9A5DDA-F799-45C5-8AF7-ABD799A08C04} = {03997797-E7F5-0643-168D-B8EA7178C2FE}
	EndGlobalSection
EndGlobal
